
Microsoft Visual Studio Solution File, Format Version 12.00
# Visual Studio Version 17
VisualStudioVersion = 17.13.35507.96 d17.13
MinimumVisualStudioVersion = 10.0.40219.1
Project("{FAE04EC0-301F-11D3-BF4B-00C04F79EFBC}") = "AttendanceTracker.API", "AttendanceTracker.API.csproj", "{AFDDCCA8-E4E9-46F9-A8B5-5C4C6D390DCB}"
EndProject
Global
	GlobalSection(SolutionConfigurationPlatforms) = preSolution
		Debug|Any CPU = Debug|Any CPU
		Release|Any CPU = Release|Any CPU
	EndGlobalSection
	GlobalSection(ProjectConfigurationPlatforms) = postSolution
		{AFDDCCA8-E4E9-46F9-A8B5-5C4C6D390DCB}.Debug|Any CPU.ActiveCfg = Debug|Any CPU
		{AFDDCCA8-E4E9-46F9-A8B5-5C4C6D390DCB}.Debug|Any CPU.Build.0 = Debug|Any CPU
		{AFDDCCA8-E4E9-46F9-A8B5-5C4C6D390DCB}.Release|Any CPU.ActiveCfg = Release|Any CPU
		{AFDDCCA8-E4E9-46F9-A8B5-5C4C6D390DCB}.Release|Any CPU.Build.0 = Release|Any CPU
	EndGlobalSection
	GlobalSection(SolutionProperties) = preSolution
		HideSolutionNode = FALSE
	EndGlobalSection
	GlobalSection(ExtensibilityGlobals) = postSolution
		SolutionGuid = {26B927B5-18BA-4CB6-A7EB-F34D0A0915DF}
	EndGlobalSection
EndGlobal
